
Microsoft Visual Studio Solution File, Format Version 12.00
# Visual Studio Version 17
VisualStudioVersion = 17.9.34728.123
MinimumVisualStudioVersion = 10.0.40219.1
Project("{FAE04EC0-301F-11D3-BF4B-00C04F79EFBC}") = "faucet-api", "faucet-api.csproj", "{ED46320C-A327-414B-A99A-93003D5EFBFC}"
EndProject
Project("{2150E333-8FDC-42A3-9474-1A3956D46DE8}") = "global", "global", "{02EA681E-C7D8-13C7-8484-4AC65E1B71E8}"
	ProjectSection(SolutionItems) = preProject
		Directory.Build.props = Directory.Build.props
		..\package.json = ..\package.json
	EndProjectSection
EndProject
Global
	GlobalSection(SolutionConfigurationPlatforms) = preSolution
		Debug|Any CPU = Debug|Any CPU
		Release|Any CPU = Release|Any CPU
	EndGlobalSection
	GlobalSection(ProjectConfigurationPlatforms) = postSolution
		{ED46320C-A327-414B-A99A-93003D5EFBFC}.Debug|Any CPU.ActiveCfg = Debug|Any CPU
		{ED46320C-A327-414B-A99A-93003D5EFBFC}.Debug|Any CPU.Build.0 = Debug|Any CPU
		{ED46320C-A327-414B-A99A-93003D5EFBFC}.Release|Any CPU.ActiveCfg = Release|Any CPU
		{ED46320C-A327-414B-A99A-93003D5EFBFC}.Release|Any CPU.Build.0 = Release|Any CPU
	EndGlobalSection
	GlobalSection(SolutionProperties) = preSolution
		HideSolutionNode = FALSE
	EndGlobalSection
	GlobalSection(ExtensibilityGlobals) = postSolution
		SolutionGuid = {CCD79C4D-F400-4E22-8138-2A16D6A85B1C}
	EndGlobalSection
EndGlobal
